# THIS IS AN AUTOGENERATED FILE. DO NOT EDIT THIS FILE DIRECTLY.
# yarn lockfile v1


"@types/component-emitter@^1.2.10":
  "integrity" "sha512-bsjleuRKWmGqajMerkzox19aGbscQX5rmmvvXl3wlIp5gMG1HgkiwPxsN5p070fBDKTNSPgojVbuY1+HWMbFhg=="
  "resolved" "https://registry.yarnpkg.com/@types/component-emitter/-/component-emitter-1.2.10.tgz"
  "version" "1.2.10"

"@types/cookie@^0.4.0":
  "integrity" "sha512-y7mImlc/rNkvCRmg8gC3/lj87S7pTUIJ6QGjwHR9WQJcFs+ZMTOaoPrkdFA/YdbuqVEmEbb5RdhVxMkAcgOnpg=="
  "resolved" "https://registry.yarnpkg.com/@types/cookie/-/cookie-0.4.0.tgz"
  "version" "0.4.0"

"@types/cors@^2.8.8":
  "integrity" "sha512-zurD1ibz21BRlAOIKP8yhrxlqKx6L9VCwkB5kMiP6nZAhoF5MvC7qS1qPA7nRcr1GJolfkQC7/EAL4hdYejLtg=="
  "resolved" "https://registry.yarnpkg.com/@types/cors/-/cors-2.8.9.tgz"
  "version" "2.8.9"

"@types/node@^14.14.10":
  "integrity" "sha512-g+f/qj/cNcqKkc3tFqlXOYjrmZA+jNBiDzbP3kH+B+otKFqAdPgVTGP1IeKRdMml/aE69as5S4FqtxAbl+LaMw=="
  "resolved" "https://registry.yarnpkg.com/@types/node/-/node-14.14.22.tgz"
  "version" "14.14.22"

"accepts@~1.3.4":
  "integrity" "sha512-Il80Qs2WjYlJIBNzNkK6KYqlVMTbZLXgHx2oT0pU/fjRHyEp+PEfEPY0R3WCwAGVOtauxh1hOxNgIf5bv7dQpA=="
  "resolved" "https://registry.yarnpkg.com/accepts/-/accepts-1.3.7.tgz"
  "version" "1.3.7"
  dependencies:
    "mime-types" "~2.1.24"
    "negotiator" "0.6.2"

"base64-arraybuffer@0.1.4":
  "integrity" "sha1-mBjHngWbE1X5fgQooBfIOOkLqBI="
  "resolved" "https://registry.yarnpkg.com/base64-arraybuffer/-/base64-arraybuffer-0.1.4.tgz"
  "version" "0.1.4"

"base64id@~2.0.0", "base64id@2.0.0":
  "integrity" "sha512-lGe34o6EHj9y3Kts9R4ZYs/Gr+6N7MCaMlIFA3F1R2O5/m7K06AxfSeO5530PEERE6/WyEg3lsuyw4GHlPZHog=="
  "resolved" "https://registry.yarnpkg.com/base64id/-/base64id-2.0.0.tgz"
  "version" "2.0.0"

"component-emitter@~1.3.0":
  "integrity" "sha512-Rd3se6QB+sO1TwqZjscQrurpEPIfO0/yYnSin6Q/rD3mOutHvUrCAhJub3r90uNb+SESBuE0QYoB90YdfatsRg=="
  "resolved" "https://registry.yarnpkg.com/component-emitter/-/component-emitter-1.3.0.tgz"
  "version" "1.3.0"

"cookie@~0.4.1":
  "integrity" "sha512-ZwrFkGJxUR3EIoXtO+yVE69Eb7KlixbaeAWfBQB9vVsNn/o+Yw69gBWSSDK825hQNdN+wF8zELf3dFNl/kxkUA=="
  "resolved" "https://registry.yarnpkg.com/cookie/-/cookie-0.4.1.tgz"
  "version" "0.4.1"

"cors@~2.8.5":
  "integrity" "sha512-KIHbLJqu73RGr/hnbrO9uBeixNGuvSQjul/jdFvS/KFSIH1hWVd1ng7zOHx+YrEfInLG7q4n6GHQ9cDtxv/P6g=="
  "resolved" "https://registry.yarnpkg.com/cors/-/cors-2.8.5.tgz"
  "version" "2.8.5"
  dependencies:
    "object-assign" "^4"
    "vary" "^1"

"debug@~4.3.1":
  "integrity" "sha512-doEwdvm4PCeK4K3RQN2ZC2BYUBaxwLARCqZmMjtF8a51J2Rb0xpVloFRnCODwqjpwnAoao4pelN8l3RJdv3gRQ=="
  "resolved" "https://registry.yarnpkg.com/debug/-/debug-4.3.1.tgz"
  "version" "4.3.1"
  dependencies:
    "ms" "2.1.2"

"engine.io-parser@~4.0.0":
  "integrity" "sha512-sHfEQv6nmtJrq6TKuIz5kyEKH/qSdK56H/A+7DnAuUPWosnIZAS2NHNcPLmyjtY3cGS/MqJdZbUjW97JU72iYg=="
  "resolved" "https://registry.yarnpkg.com/engine.io-parser/-/engine.io-parser-4.0.2.tgz"
  "version" "4.0.2"
  dependencies:
    "base64-arraybuffer" "0.1.4"

"engine.io@~4.1.0":
  "integrity" "sha512-vW7EAtn0HDQ4MtT5QbmCHF17TaYLONv2/JwdYsq9USPRZVM4zG7WB3k0Nc321z8EuSOlhGokrYlYx4176QhD0A=="
  "resolved" "https://registry.yarnpkg.com/engine.io/-/engine.io-4.1.0.tgz"
  "version" "4.1.0"
  dependencies:
    "accepts" "~1.3.4"
    "base64id" "2.0.0"
    "cookie" "~0.4.1"
    "cors" "~2.8.5"
    "debug" "~4.3.1"
    "engine.io-parser" "~4.0.0"
    "ws" "~7.4.2"

"mime-db@1.45.0":
  "integrity" "sha512-CkqLUxUk15hofLoLyljJSrukZi8mAtgd+yE5uO4tqRZsdsAJKv0O+rFMhVDRJgozy+yG6md5KwuXhD4ocIoP+w=="
  "resolved" "https://registry.yarnpkg.com/mime-db/-/mime-db-1.45.0.tgz"
  "version" "1.45.0"

"mime-types@~2.1.24":
  "integrity" "sha512-0TO2yJ5YHYr7M2zzT7gDU1tbwHxEUWBCLt0lscSNpcdAfFyJOVEpRYNS7EXVcTLNj/25QO8gulHC5JtTzSE2UQ=="
  "resolved" "https://registry.yarnpkg.com/mime-types/-/mime-types-2.1.28.tgz"
  "version" "2.1.28"
  dependencies:
    "mime-db" "1.45.0"

"ms@2.1.2":
  "integrity" "sha512-sGkPx+VjMtmA6MX27oA4FBFELFCZZ4S4XqeGOXCv68tT+jb3vk/RyaKWP0PTKyWtmLSM0b+adUTEvbs1PEaH2w=="
  "resolved" "https://registry.yarnpkg.com/ms/-/ms-2.1.2.tgz"
  "version" "2.1.2"

"negotiator@0.6.2":
  "integrity" "sha512-hZXc7K2e+PgeI1eDBe/10Ard4ekbfrrqG8Ep+8Jmf4JID2bNg7NvCPOZN+kfF574pFQI7mum2AUqDidoKqcTOw=="
  "resolved" "https://registry.yarnpkg.com/negotiator/-/negotiator-0.6.2.tgz"
  "version" "0.6.2"

"object-assign@^4":
  "integrity" "sha1-IQmtx5ZYh8/AXLvUQsrIv7s2CGM="
  "resolved" "https://registry.yarnpkg.com/object-assign/-/object-assign-4.1.1.tgz"
  "version" "4.1.1"

"socket.io-adapter@~2.1.0":
  "integrity" "sha512-+vDov/aTsLjViYTwS9fPy5pEtTkrbEKsw2M+oVSoFGw6OD1IpvlV1VPhUzNbofCQ8oyMbdYJqDtGdmHQK6TdPg=="
  "resolved" "https://registry.yarnpkg.com/socket.io-adapter/-/socket.io-adapter-2.1.0.tgz"
  "version" "2.1.0"

"socket.io-parser@~4.0.3":
  "integrity" "sha512-t+b0SS+IxG7Rxzda2EVvyBZbvFPBCjJoyHuE0P//7OAsN23GItzDRdWa6ALxZI/8R5ygK7jAR6t028/z+7295g=="
  "resolved" "https://registry.yarnpkg.com/socket.io-parser/-/socket.io-parser-4.0.4.tgz"
  "version" "4.0.4"
  dependencies:
    "@types/component-emitter" "^1.2.10"
    "component-emitter" "~1.3.0"
    "debug" "~4.3.1"

"socket.io@^3.1.1":
  "integrity" "sha512-7cBWdsDC7bbyEF6WbBqffjizc/H4YF1wLdZoOzuYfo2uMNSFjJKuQ36t0H40o9B20DO6p+mSytEd92oP4S15bA=="
  "resolved" "https://registry.npmjs.org/socket.io/-/socket.io-3.1.1.tgz"
  "version" "3.1.1"
  dependencies:
    "@types/cookie" "^0.4.0"
    "@types/cors" "^2.8.8"
    "@types/node" "^14.14.10"
    "accepts" "~1.3.4"
    "base64id" "~2.0.0"
    "debug" "~4.3.1"
    "engine.io" "~4.1.0"
    "socket.io-adapter" "~2.1.0"
    "socket.io-parser" "~4.0.3"

"vary@^1":
  "integrity" "sha1-IpnwLG3tMNSllhsLn3RSShj2NPw="
  "resolved" "https://registry.yarnpkg.com/vary/-/vary-1.1.2.tgz"
  "version" "1.1.2"

"ws@~7.4.2":
  "integrity" "sha512-T4tewALS3+qsrpGI/8dqNMLIVdq/g/85U98HPMa6F0m6xTbvhXU6RCQLqPH3+SlomNV/LdY6RXEbBpMH6EOJnA=="
  "resolved" "https://registry.yarnpkg.com/ws/-/ws-7.4.2.tgz"
  "version" "7.4.2"
